// !$*UTF8*$!
{
	archiveVersion = 1;
	classes = {
	};
	objectVersion = 46;
	objects = {

/* Begin PBXBuildFile section */
		4600A26C1ECC89AE0068C58D /* Bookmark.swift in Sources */ = {isa = PBXBuildFile; fileRef = 4600A26B1ECC89AE0068C58D /* Bookmark.swift */; };
		4600A26E1ECC8F6E0068C58D /* About.swift in Sources */ = {isa = PBXBuildFile; fileRef = 4600A26D1ECC8F6E0068C58D /* About.swift */; };
		46030D5D1F9F5B4900CA3346 /* MerchantView2.swift in Sources */ = {isa = PBXBuildFile; fileRef = 46030D5C1F9F5B4900CA3346 /* MerchantView2.swift */; };
		460742A71FB34F40000A85E1 /* PublicInformation.swift in Sources */ = {isa = PBXBuildFile; fileRef = 460742A61FB34F40000A85E1 /* PublicInformation.swift */; };
		460FB7D51F58282200408AB7 /* ApplyVacancy.swift in Sources */ = {isa = PBXBuildFile; fileRef = 460FB7D41F58282200408AB7 /* ApplyVacancy.swift */; };
		461A48811EFBAD7200B54313 /* Vacancy2.swift in Sources */ = {isa = PBXBuildFile; fileRef = 461A48801EFBAD7200B54313 /* Vacancy2.swift */; };
		461BE73F1F7A6CA30000ADF8 /* ApplicationHistory.swift in Sources */ = {isa = PBXBuildFile; fileRef = 461BE73E1F7A6CA30000ADF8 /* ApplicationHistory.swift */; };
		461BE7411F7A6D0B0000ADF8 /* historyCell.swift in Sources */ = {isa = PBXBuildFile; fileRef = 461BE7401F7A6D0B0000ADF8 /* historyCell.swift */; };
		46233F1F1FC6C9E100D4F2C8 /* EditPhoto.swift in Sources */ = {isa = PBXBuildFile; fileRef = 46233F1E1FC6C9E100D4F2C8 /* EditPhoto.swift */; };
		462559D81F35BE7C00C0C9B3 /* Events.swift in Sources */ = {isa = PBXBuildFile; fileRef = 462559D71F35BE7C00C0C9B3 /* Events.swift */; };
		462559DA1F35C5D800C0C9B3 /* eventCell.swift in Sources */ = {isa = PBXBuildFile; fileRef = 462559D91F35C5D800C0C9B3 /* eventCell.swift */; };
		462CE93F1FDC173F00974399 /* educationCell.swift in Sources */ = {isa = PBXBuildFile; fileRef = 462CE93E1FDC173F00974399 /* educationCell.swift */; };
		46310C501F0116C800598BD7 /* Vacancy3.swift in Sources */ = {isa = PBXBuildFile; fileRef = 46310C4F1F0116C800598BD7 /* Vacancy3.swift */; };
		463187EB1FEFBEB60014F790 /* EnglishSkill.swift in Sources */ = {isa = PBXBuildFile; fileRef = 463187EA1FEFBEB60014F790 /* EnglishSkill.swift */; };
		463216C91F6A5E4300E8C781 /* NetworkTest.swift in Sources */ = {isa = PBXBuildFile; fileRef = 463216C81F6A5E4300E8C781 /* NetworkTest.swift */; };
		46329D681FF3E416004A03C6 /* OrganizationExperience.swift in Sources */ = {isa = PBXBuildFile; fileRef = 46329D671FF3E416004A03C6 /* OrganizationExperience.swift */; };
		46329D6A1FF3E4A1004A03C6 /* organizationCell.swift in Sources */ = {isa = PBXBuildFile; fileRef = 46329D691FF3E4A1004A03C6 /* organizationCell.swift */; };
		4634F8411F13BEC300CD4EA4 /* EditProfileSummary.swift in Sources */ = {isa = PBXBuildFile; fileRef = 4634F8401F13BEC300CD4EA4 /* EditProfileSummary.swift */; };
		4634F8431F13C26F00CD4EA4 /* Education.swift in Sources */ = {isa = PBXBuildFile; fileRef = 4634F8421F13C26F00CD4EA4 /* Education.swift */; };
		46367C1A1EFD09EA0057121D /* DetailEvent.swift in Sources */ = {isa = PBXBuildFile; fileRef = 46367C191EFD09EA0057121D /* DetailEvent.swift */; };
		46367C1C1EFD19810057121D /* UCCNews2.swift in Sources */ = {isa = PBXBuildFile; fileRef = 46367C1B1EFD19810057121D /* UCCNews2.swift */; };
		46367C1E1EFD1E700057121D /* CompanyInfo.swift in Sources */ = {isa = PBXBuildFile; fileRef = 46367C1D1EFD1E700057121D /* CompanyInfo.swift */; };
		4636E8DF1F385C1D003C53D7 /* Vacancy.swift in Sources */ = {isa = PBXBuildFile; fileRef = 4636E8DE1F385C1D003C53D7 /* Vacancy.swift */; };
		463F411D1FEA930600364E00 /* WorkExperience.swift in Sources */ = {isa = PBXBuildFile; fileRef = 463F411C1FEA930600364E00 /* WorkExperience.swift */; };
		463F411F1FEA9C6B00364E00 /* workCell.swift in Sources */ = {isa = PBXBuildFile; fileRef = 463F411E1FEA9C6B00364E00 /* workCell.swift */; };
		464B743F1FA331B3002E07DD /* MerchantView3.swift in Sources */ = {isa = PBXBuildFile; fileRef = 464B743E1FA331B3002E07DD /* MerchantView3.swift */; };
		465368FB1EDAC24600D233E2 /* vacancyCell.swift in Sources */ = {isa = PBXBuildFile; fileRef = 465368FA1EDAC24600D233E2 /* vacancyCell.swift */; };
		4658AE651F52B4E000396157 /* vacancy2Cell.swift in Sources */ = {isa = PBXBuildFile; fileRef = 4658AE641F52B4E000396157 /* vacancy2Cell.swift */; };
		465A7CD21EE3F9C600043F41 /* DucBlog.json in Resources */ = {isa = PBXBuildFile; fileRef = 465A7CD11EE3F9C600043F41 /* DucBlog.json */; };
		465A7CD51EE4036800043F41 /* newsCell.swift in Sources */ = {isa = PBXBuildFile; fileRef = 465A7CD41EE4036800043F41 /* newsCell.swift */; };
		465A7CD71EE4068C00043F41 /* News.swift in Sources */ = {isa = PBXBuildFile; fileRef = 465A7CD61EE4068C00043F41 /* News.swift */; };
		46609D4C1F5E70A300C7EC5E /* DetailNotif.swift in Sources */ = {isa = PBXBuildFile; fileRef = 46609D4B1F5E70A300C7EC5E /* DetailNotif.swift */; };
		4665F26A1F24764D00BCFABC /* LoginScreen.swift in Sources */ = {isa = PBXBuildFile; fileRef = 4665F2691F24764D00BCFABC /* LoginScreen.swift */; };
		466F33AE1FC4706F00D60FC1 /* ProfileSummary.swift in Sources */ = {isa = PBXBuildFile; fileRef = 466F33AD1FC4706F00D60FC1 /* ProfileSummary.swift */; };
		4673461A1F35E35600C7C1A1 /* Merchant.swift in Sources */ = {isa = PBXBuildFile; fileRef = 467346191F35E35600C7C1A1 /* Merchant.swift */; };
		4673461C1F35E68700C7C1A1 /* merchantCell.swift in Sources */ = {isa = PBXBuildFile; fileRef = 4673461B1F35E68700C7C1A1 /* merchantCell.swift */; };
		4673461E1F35E8D000C7C1A1 /* MerchantView.swift in Sources */ = {isa = PBXBuildFile; fileRef = 4673461D1F35E8D000C7C1A1 /* MerchantView.swift */; };
		4673BD5D1F5D5F56000815AB /* notifCell.swift in Sources */ = {isa = PBXBuildFile; fileRef = 4673BD5C1F5D5F56000815AB /* notifCell.swift */; };
		4673BD631F5D65B9000815AB /* NotificationViewController.swift in Sources */ = {isa = PBXBuildFile; fileRef = 4673BD621F5D65B9000815AB /* NotificationViewController.swift */; };
		46CEDDD11FEBFC6400CC2897 /* LanguageSkills.swift in Sources */ = {isa = PBXBuildFile; fileRef = 46CEDDD01FEBFC6400CC2897 /* LanguageSkills.swift */; };
		46CEDDD31FEBFD6200CC2897 /* languageCell.swift in Sources */ = {isa = PBXBuildFile; fileRef = 46CEDDD21FEBFD6200CC2897 /* languageCell.swift */; };
		46D43F131ED96C8E0065A3C2 /* ContactUs.swift in Sources */ = {isa = PBXBuildFile; fileRef = 46D43F121ED96C8E0065A3C2 /* ContactUs.swift */; };
		46D43F151ED971120065A3C2 /* MyCV.swift in Sources */ = {isa = PBXBuildFile; fileRef = 46D43F141ED971120065A3C2 /* MyCV.swift */; };
		46E1E0FF1F13D8A800E6F79C /* EditWorkExperience.swift in Sources */ = {isa = PBXBuildFile; fileRef = 46E1E0FE1F13D8A800E6F79C /* EditWorkExperience.swift */; };
		46E1E1011F13E0DF00E6F79C /* EditLanguageSkills.swift in Sources */ = {isa = PBXBuildFile; fileRef = 46E1E1001F13E0DF00E6F79C /* EditLanguageSkills.swift */; };
		46E1E1031F13E25900E6F79C /* EditEnglishSkill.swift in Sources */ = {isa = PBXBuildFile; fileRef = 46E1E1021F13E25900E6F79C /* EditEnglishSkill.swift */; };
		46E1E1051F13E3C700E6F79C /* EditOrganizationExperience.swift in Sources */ = {isa = PBXBuildFile; fileRef = 46E1E1041F13E3C700E6F79C /* EditOrganizationExperience.swift */; };
		46E1E1071F13E56B00E6F79C /* EditAwardsAndAchievements.swift in Sources */ = {isa = PBXBuildFile; fileRef = 46E1E1061F13E56B00E6F79C /* EditAwardsAndAchievements.swift */; };
		46E1E1091F13E6B800E6F79C /* EditRecommendation.swift in Sources */ = {isa = PBXBuildFile; fileRef = 46E1E1081F13E6B800E6F79C /* EditRecommendation.swift */; };
		46E1E10B1F13E80400E6F79C /* EditStrengthWeakness.swift in Sources */ = {isa = PBXBuildFile; fileRef = 46E1E10A1F13E80400E6F79C /* EditStrengthWeakness.swift */; };
		46E1E10D1F13E8DD00E6F79C /* EditSkill.swift in Sources */ = {isa = PBXBuildFile; fileRef = 46E1E10C1F13E8DD00E6F79C /* EditSkill.swift */; };
		46E1E10F1F13EC1E00E6F79C /* EditCTC.swift in Sources */ = {isa = PBXBuildFile; fileRef = 46E1E10E1F13EC1E00E6F79C /* EditCTC.swift */; };
		46E1E1111F13ED0400E6F79C /* EditPortofolio.swift in Sources */ = {isa = PBXBuildFile; fileRef = 46E1E1101F13ED0400E6F79C /* EditPortofolio.swift */; };
		46E1E1131F13F04200E6F79C /* EditPublicInformation.swift in Sources */ = {isa = PBXBuildFile; fileRef = 46E1E1121F13F04200E6F79C /* EditPublicInformation.swift */; };
		46F702E91EC4574600C2DE86 /* AppDelegate.swift in Sources */ = {isa = PBXBuildFile; fileRef = 46F702E81EC4574600C2DE86 /* AppDelegate.swift */; };
		46F702EB1EC4574600C2DE86 /* ViewController.swift in Sources */ = {isa = PBXBuildFile; fileRef = 46F702EA1EC4574600C2DE86 /* ViewController.swift */; };
		46F702EE1EC4574600C2DE86 /* Main.storyboard in Resources */ = {isa = PBXBuildFile; fileRef = 46F702EC1EC4574600C2DE86 /* Main.storyboard */; };
		46F702F01EC4574600C2DE86 /* Assets.xcassets in Resources */ = {isa = PBXBuildFile; fileRef = 46F702EF1EC4574600C2DE86 /* Assets.xcassets */; };
		46F702F31EC4574600C2DE86 /* LaunchScreen.storyboard in Resources */ = {isa = PBXBuildFile; fileRef = 46F702F11EC4574600C2DE86 /* LaunchScreen.storyboard */; };
		46F702FC1EC46E7400C2DE86 /* BaseViewController.swift in Sources */ = {isa = PBXBuildFile; fileRef = 46F702FA1EC46E7400C2DE86 /* BaseViewController.swift */; };
		46F702FD1EC46E7400C2DE86 /* MenuViewController.swift in Sources */ = {isa = PBXBuildFile; fileRef = 46F702FB1EC46E7400C2DE86 /* MenuViewController.swift */; };
		46F702FF1EC4828900C2DE86 /* UpcomingEvent.swift in Sources */ = {isa = PBXBuildFile; fileRef = 46F702FE1EC4828900C2DE86 /* UpcomingEvent.swift */; };
		46F703011EC48A3E00C2DE86 /* UCCNews.swift in Sources */ = {isa = PBXBuildFile; fileRef = 46F703001EC48A3E00C2DE86 /* UCCNews.swift */; };
		A049D5225E71EC1B913DE4BF /* Pods_Mobile_UCC.framework in Frameworks */ = {isa = PBXBuildFile; fileRef = 0282A399721F0520703BCD0D /* Pods_Mobile_UCC.framework */; };
		FA00A1922004B64300F3970A /* Skill.swift in Sources */ = {isa = PBXBuildFile; fileRef = FA00A1912004B64300F3970A /* Skill.swift */; };
		FA17224320600D6C00A6ECA9 /* Alert.swift in Sources */ = {isa = PBXBuildFile; fileRef = FA17224220600D6C00A6ECA9 /* Alert.swift */; };
		FA1722452060106D00A6ECA9 /* Auth.swift in Sources */ = {isa = PBXBuildFile; fileRef = FA1722442060106D00A6ECA9 /* Auth.swift */; };
		FA1C4D05200C88DE00A88A04 /* CTC.swift in Sources */ = {isa = PBXBuildFile; fileRef = FA1C4D04200C88DE00A88A04 /* CTC.swift */; };
		FA1C4D07200C8ADB00A88A04 /* CTCCell.swift in Sources */ = {isa = PBXBuildFile; fileRef = FA1C4D06200C8ADB00A88A04 /* CTCCell.swift */; };
		FA2282AB2011952D007C0642 /* DLRadioButton.m in Sources */ = {isa = PBXBuildFile; fileRef = FA2282A92011952D007C0642 /* DLRadioButton.m */; };
		FA3366B22048EFA800697481 /* EditEducation.swift in Sources */ = {isa = PBXBuildFile; fileRef = FA3366B12048EFA800697481 /* EditEducation.swift */; };
		FA5FBF8421459B58008AEFE4 /* Industri.swift in Sources */ = {isa = PBXBuildFile; fileRef = FA5FBF8321459B58008AEFE4 /* Industri.swift */; };
		FA5FBF8621459C5E008AEFE4 /* KategoriPosisi.swift in Sources */ = {isa = PBXBuildFile; fileRef = FA5FBF8521459C5E008AEFE4 /* KategoriPosisi.swift */; };
		FA5FBF88214D427F008AEFE4 /* CompanyScale.swift in Sources */ = {isa = PBXBuildFile; fileRef = FA5FBF87214D427F008AEFE4 /* CompanyScale.swift */; };
		FA5FBF8A214D43A8008AEFE4 /* Level.swift in Sources */ = {isa = PBXBuildFile; fileRef = FA5FBF89214D43A8008AEFE4 /* Level.swift */; };
		FA5FBF8C214D4457008AEFE4 /* JobType.swift in Sources */ = {isa = PBXBuildFile; fileRef = FA5FBF8B214D4457008AEFE4 /* JobType.swift */; };
		FA68E2402063CE96002880AE /* Pendidikan.swift in Sources */ = {isa = PBXBuildFile; fileRef = FA68E23F2063CE96002880AE /* Pendidikan.swift */; };
		FA68E2422063DB87002880AE /* Work.swift in Sources */ = {isa = PBXBuildFile; fileRef = FA68E2412063DB87002880AE /* Work.swift */; };
		FA68E24420640400002880AE /* Language.swift in Sources */ = {isa = PBXBuildFile; fileRef = FA68E24320640400002880AE /* Language.swift */; };
		FA68E24620650DD7002880AE /* Organisasi.swift in Sources */ = {isa = PBXBuildFile; fileRef = FA68E24520650DD7002880AE /* Organisasi.swift */; };
		FA68E248206511C9002880AE /* Award.swift in Sources */ = {isa = PBXBuildFile; fileRef = FA68E247206511C9002880AE /* Award.swift */; };
		FA68E24A206568F8002880AE /* Rekomendasi.swift in Sources */ = {isa = PBXBuildFile; fileRef = FA68E249206568F8002880AE /* Rekomendasi.swift */; };
		FA68E24C20656DD4002880AE /* Course.swift in Sources */ = {isa = PBXBuildFile; fileRef = FA68E24B20656DD4002880AE /* Course.swift */; };
		FA7DC193200389F3007DD6BC /* StrengthWeakness.swift in Sources */ = {isa = PBXBuildFile; fileRef = FA7DC192200389F3007DD6BC /* StrengthWeakness.swift */; };
		FA83E6F5205FAF7900BF9439 /* DetailVacancy.swift in Sources */ = {isa = PBXBuildFile; fileRef = FA83E6F4205FAF7900BF9439 /* DetailVacancy.swift */; };
		FA83E6F7205FBF4300BF9439 /* Provinsi.swift in Sources */ = {isa = PBXBuildFile; fileRef = FA83E6F6205FBF4300BF9439 /* Provinsi.swift */; };
		FA83E6F9205FBF5100BF9439 /* Kota.swift in Sources */ = {isa = PBXBuildFile; fileRef = FA83E6F8205FBF5100BF9439 /* Kota.swift */; };
		FAA07585208789FC00F4F199 /* CDatePickerViewEx.m in Sources */ = {isa = PBXBuildFile; fileRef = FAA07584208789FC00F4F199 /* CDatePickerViewEx.m */; };
		FAA0758720878E0100F4F199 /* DatePickerView.swift in Sources */ = {isa = PBXBuildFile; fileRef = FAA0758620878E0000F4F199 /* DatePickerView.swift */; };
		FAB4014F200E07A100B78D04 /* portofolioCell.swift in Sources */ = {isa = PBXBuildFile; fileRef = FAB4014E200E07A100B78D04 /* portofolioCell.swift */; };
		FAB40151200E095D00B78D04 /* Portofolio.swift in Sources */ = {isa = PBXBuildFile; fileRef = FAB40150200E095D00B78D04 /* Portofolio.swift */; };
		FACAAA38205A7969008E35E5 /* NetworkService.swift in Sources */ = {isa = PBXBuildFile; fileRef = FACAAA37205A7969008E35E5 /* NetworkService.swift */; };
		FAD30F4720036B5D00ED501B /* Recommendation.swift in Sources */ = {isa = PBXBuildFile; fileRef = FAD30F4620036B5D00ED501B /* Recommendation.swift */; };
		FAD30F4920036BB700ED501B /* recommendCell.swift in Sources */ = {isa = PBXBuildFile; fileRef = FAD30F4820036BB700ED501B /* recommendCell.swift */; };
		FAD93C852065F845000110C9 /* History.swift in Sources */ = {isa = PBXBuildFile; fileRef = FAD93C842065F845000110C9 /* History.swift */; };
		FAE17C4E216E2FD500BDC6A0 /* GoogleService-Info.plist in Resources */ = {isa = PBXBuildFile; fileRef = FAE17C4D216E2FD500BDC6A0 /* GoogleService-Info.plist */; };
		FAE7597B2065724B00668580 /* Portofolios.swift in Sources */ = {isa = PBXBuildFile; fileRef = FAE7597A2065724B00668580 /* Portofolios.swift */; };
		FAF7D56A20027B8D00483C08 /* AwardsAchievements.swift in Sources */ = {isa = PBXBuildFile; fileRef = FAF7D56920027B8D00483C08 /* AwardsAchievements.swift */; };
		FAF7D56C20027BE500483C08 /* awardCell.swift in Sources */ = {isa = PBXBuildFile; fileRef = FAF7D56B20027BE500483C08 /* awardCell.swift */; };
		FAFD63852062A99D00C4344D /* Notification.swift in Sources */ = {isa = PBXBuildFile; fileRef = FAFD63842062A99D00C4344D /* Notification.swift */; };
		FAFE58752057F63A002509AE /* Negara.swift in Sources */ = {isa = PBXBuildFile; fileRef = FAFE58742057F63A002509AE /* Negara.swift */; };
/* End PBXBuildFile section */

/* Begin PBXFileReference section */
		0282A399721F0520703BCD0D /* Pods_Mobile_UCC.framework */ = {isa = PBXFileReference; explicitFileType = wrapper.framework; includeInIndex = 0; path = Pods_Mobile_UCC.framework; sourceTree = BUILT_PRODUCTS_DIR; };
		0A0D0C1FE520FF4F9B877720 /* Pods-Mobile UCC.release.xcconfig */ = {isa = PBXFileReference; includeInIndex = 1; lastKnownFileType = text.xcconfig; name = "Pods-Mobile UCC.release.xcconfig"; path = "Pods/Target Support Files/Pods-Mobile UCC/Pods-Mobile UCC.release.xcconfig"; sourceTree = "<group>"; };
		4600A26B1ECC89AE0068C58D /* Bookmark.swift */ = {isa = PBXFileReference; fileEncoding = 4; lastKnownFileType = sourcecode.swift; path = Bookmark.swift; sourceTree = "<group>"; };
		4600A26D1ECC8F6E0068C58D /* About.swift */ = {isa = PBXFileReference; fileEncoding = 4; lastKnownFileType = sourcecode.swift; path = About.swift; sourceTree = "<group>"; };
		46030D5C1F9F5B4900CA3346 /* MerchantView2.swift */ = {isa = PBXFileReference; fileEncoding = 4; lastKnownFileType = sourcecode.swift; path = MerchantView2.swift; sourceTree = "<group>"; };
		460742A61FB34F40000A85E1 /* PublicInformation.swift */ = {isa = PBXFileReference; fileEncoding = 4; lastKnownFileType = sourcecode.swift; path = PublicInformation.swift; sourceTree = "<group>"; };
		460FB7D41F58282200408AB7 /* ApplyVacancy.swift */ = {isa = PBXFileReference; fileEncoding = 4; lastKnownFileType = sourcecode.swift; path = ApplyVacancy.swift; sourceTree = "<group>"; };
		461A48801EFBAD7200B54313 /* Vacancy2.swift */ = {isa = PBXFileReference; fileEncoding = 4; lastKnownFileType = sourcecode.swift; path = Vacancy2.swift; sourceTree = "<group>"; };
		461BE73E1F7A6CA30000ADF8 /* ApplicationHistory.swift */ = {isa = PBXFileReference; fileEncoding = 4; lastKnownFileType = sourcecode.swift; path = ApplicationHistory.swift; sourceTree = "<group>"; };
		461BE7401F7A6D0B0000ADF8 /* historyCell.swift */ = {isa = PBXFileReference; fileEncoding = 4; lastKnownFileType = sourcecode.swift; path = historyCell.swift; sourceTree = "<group>"; };
		46233F1E1FC6C9E100D4F2C8 /* EditPhoto.swift */ = {isa = PBXFileReference; fileEncoding = 4; lastKnownFileType = sourcecode.swift; path = EditPhoto.swift; sourceTree = "<group>"; };
		462559D71F35BE7C00C0C9B3 /* Events.swift */ = {isa = PBXFileReference; fileEncoding = 4; lastKnownFileType = sourcecode.swift; path = Events.swift; sourceTree = "<group>"; };
		462559D91F35C5D800C0C9B3 /* eventCell.swift */ = {isa = PBXFileReference; fileEncoding = 4; lastKnownFileType = sourcecode.swift; path = eventCell.swift; sourceTree = "<group>"; };
		462CE93E1FDC173F00974399 /* educationCell.swift */ = {isa = PBXFileReference; fileEncoding = 4; lastKnownFileType = sourcecode.swift; path = educationCell.swift; sourceTree = "<group>"; };
		46310C4F1F0116C800598BD7 /* Vacancy3.swift */ = {isa = PBXFileReference; fileEncoding = 4; lastKnownFileType = sourcecode.swift; path = Vacancy3.swift; sourceTree = "<group>"; };
		463187EA1FEFBEB60014F790 /* EnglishSkill.swift */ = {isa = PBXFileReference; fileEncoding = 4; lastKnownFileType = sourcecode.swift; path = EnglishSkill.swift; sourceTree = "<group>"; };
		463216C81F6A5E4300E8C781 /* NetworkTest.swift */ = {isa = PBXFileReference; fileEncoding = 4; lastKnownFileType = sourcecode.swift; path = NetworkTest.swift; sourceTree = "<group>"; };
		46329D671FF3E416004A03C6 /* OrganizationExperience.swift */ = {isa = PBXFileReference; fileEncoding = 4; lastKnownFileType = sourcecode.swift; path = OrganizationExperience.swift; sourceTree = "<group>"; };
		46329D691FF3E4A1004A03C6 /* organizationCell.swift */ = {isa = PBXFileReference; fileEncoding = 4; lastKnownFileType = sourcecode.swift; path = organizationCell.swift; sourceTree = "<group>"; };
		4634F8401F13BEC300CD4EA4 /* EditProfileSummary.swift */ = {isa = PBXFileReference; fileEncoding = 4; lastKnownFileType = sourcecode.swift; path = EditProfileSummary.swift; sourceTree = "<group>"; };
		4634F8421F13C26F00CD4EA4 /* Education.swift */ = {isa = PBXFileReference; fileEncoding = 4; lastKnownFileType = sourcecode.swift; path = Education.swift; sourceTree = "<group>"; };
		46367C191EFD09EA0057121D /* DetailEvent.swift */ = {isa = PBXFileReference; fileEncoding = 4; lastKnownFileType = sourcecode.swift; path = DetailEvent.swift; sourceTree = "<group>"; };
		46367C1B1EFD19810057121D /* UCCNews2.swift */ = {isa = PBXFileReference; fileEncoding = 4; lastKnownFileType = sourcecode.swift; path = UCCNews2.swift; sourceTree = "<group>"; };
		46367C1D1EFD1E700057121D /* CompanyInfo.swift */ = {isa = PBXFileReference; fileEncoding = 4; lastKnownFileType = sourcecode.swift; path = CompanyInfo.swift; sourceTree = "<group>"; };
		4636E8DE1F385C1D003C53D7 /* Vacancy.swift */ = {isa = PBXFileReference; fileEncoding = 4; lastKnownFileType = sourcecode.swift; path = Vacancy.swift; sourceTree = SOURCE_ROOT; };
		463F411C1FEA930600364E00 /* WorkExperience.swift */ = {isa = PBXFileReference; fileEncoding = 4; lastKnownFileType = sourcecode.swift; path = WorkExperience.swift; sourceTree = "<group>"; };
		463F411E1FEA9C6B00364E00 /* workCell.swift */ = {isa = PBXFileReference; fileEncoding = 4; lastKnownFileType = sourcecode.swift; path = workCell.swift; sourceTree = "<group>"; };
		464B743E1FA331B3002E07DD /* MerchantView3.swift */ = {isa = PBXFileReference; fileEncoding = 4; lastKnownFileType = sourcecode.swift; path = MerchantView3.swift; sourceTree = "<group>"; };
		465368FA1EDAC24600D233E2 /* vacancyCell.swift */ = {isa = PBXFileReference; fileEncoding = 4; lastKnownFileType = sourcecode.swift; path = vacancyCell.swift; sourceTree = "<group>"; };
		4658AE641F52B4E000396157 /* vacancy2Cell.swift */ = {isa = PBXFileReference; fileEncoding = 4; lastKnownFileType = sourcecode.swift; path = vacancy2Cell.swift; sourceTree = "<group>"; };
		465A7CD11EE3F9C600043F41 /* DucBlog.json */ = {isa = PBXFileReference; fileEncoding = 4; lastKnownFileType = text.json; path = DucBlog.json; sourceTree = "<group>"; };
		465A7CD41EE4036800043F41 /* newsCell.swift */ = {isa = PBXFileReference; fileEncoding = 4; lastKnownFileType = sourcecode.swift; path = newsCell.swift; sourceTree = "<group>"; };
		465A7CD61EE4068C00043F41 /* News.swift */ = {isa = PBXFileReference; fileEncoding = 4; lastKnownFileType = sourcecode.swift; path = News.swift; sourceTree = "<group>"; };
		46609D4B1F5E70A300C7EC5E /* DetailNotif.swift */ = {isa = PBXFileReference; fileEncoding = 4; lastKnownFileType = sourcecode.swift; path = DetailNotif.swift; sourceTree = "<group>"; };
		4665F2691F24764D00BCFABC /* LoginScreen.swift */ = {isa = PBXFileReference; fileEncoding = 4; lastKnownFileType = sourcecode.swift; path = LoginScreen.swift; sourceTree = "<group>"; };
		466F33AD1FC4706F00D60FC1 /* ProfileSummary.swift */ = {isa = PBXFileReference; fileEncoding = 4; lastKnownFileType = sourcecode.swift; path = ProfileSummary.swift; sourceTree = "<group>"; };
		467346191F35E35600C7C1A1 /* Merchant.swift */ = {isa = PBXFileReference; fileEncoding = 4; lastKnownFileType = sourcecode.swift; path = Merchant.swift; sourceTree = "<group>"; };
		4673461B1F35E68700C7C1A1 /* merchantCell.swift */ = {isa = PBXFileReference; fileEncoding = 4; lastKnownFileType = sourcecode.swift; path = merchantCell.swift; sourceTree = "<group>"; };
		4673461D1F35E8D000C7C1A1 /* MerchantView.swift */ = {isa = PBXFileReference; fileEncoding = 4; lastKnownFileType = sourcecode.swift; path = MerchantView.swift; sourceTree = "<group>"; };
		4673BD5C1F5D5F56000815AB /* notifCell.swift */ = {isa = PBXFileReference; fileEncoding = 4; lastKnownFileType = sourcecode.swift; path = notifCell.swift; sourceTree = "<group>"; };
		4673BD621F5D65B9000815AB /* NotificationViewController.swift */ = {isa = PBXFileReference; fileEncoding = 4; lastKnownFileType = sourcecode.swift; path = NotificationViewController.swift; sourceTree = "<group>"; };
		46CEDDD01FEBFC6400CC2897 /* LanguageSkills.swift */ = {isa = PBXFileReference; fileEncoding = 4; lastKnownFileType = sourcecode.swift; path = LanguageSkills.swift; sourceTree = "<group>"; };
		46CEDDD21FEBFD6200CC2897 /* languageCell.swift */ = {isa = PBXFileReference; fileEncoding = 4; lastKnownFileType = sourcecode.swift; path = languageCell.swift; sourceTree = "<group>"; };
		46D43F121ED96C8E0065A3C2 /* ContactUs.swift */ = {isa = PBXFileReference; fileEncoding = 4; lastKnownFileType = sourcecode.swift; path = ContactUs.swift; sourceTree = "<group>"; };
		46D43F141ED971120065A3C2 /* MyCV.swift */ = {isa = PBXFileReference; fileEncoding = 4; lastKnownFileType = sourcecode.swift; path = MyCV.swift; sourceTree = "<group>"; };
		46E1E0FE1F13D8A800E6F79C /* EditWorkExperience.swift */ = {isa = PBXFileReference; fileEncoding = 4; lastKnownFileType = sourcecode.swift; path = EditWorkExperience.swift; sourceTree = "<group>"; };
		46E1E1001F13E0DF00E6F79C /* EditLanguageSkills.swift */ = {isa = PBXFileReference; fileEncoding = 4; lastKnownFileType = sourcecode.swift; path = EditLanguageSkills.swift; sourceTree = "<group>"; };
		46E1E1021F13E25900E6F79C /* EditEnglishSkill.swift */ = {isa = PBXFileReference; fileEncoding = 4; lastKnownFileType = sourcecode.swift; path = EditEnglishSkill.swift; sourceTree = "<group>"; };
		46E1E1041F13E3C700E6F79C /* EditOrganizationExperience.swift */ = {isa = PBXFileReference; fileEncoding = 4; lastKnownFileType = sourcecode.swift; path = EditOrganizationExperience.swift; sourceTree = "<group>"; };
		46E1E1061F13E56B00E6F79C /* EditAwardsAndAchievements.swift */ = {isa = PBXFileReference; fileEncoding = 4; lastKnownFileType = sourcecode.swift; path = EditAwardsAndAchievements.swift; sourceTree = "<group>"; };
		46E1E1081F13E6B800E6F79C /* EditRecommendation.swift */ = {isa = PBXFileReference; fileEncoding = 4; lastKnownFileType = sourcecode.swift; path = EditRecommendation.swift; sourceTree = "<group>"; };
		46E1E10A1F13E80400E6F79C /* EditStrengthWeakness.swift */ = {isa = PBXFileReference; fileEncoding = 4; lastKnownFileType = sourcecode.swift; path = EditStrengthWeakness.swift; sourceTree = "<group>"; };
		46E1E10C1F13E8DD00E6F79C /* EditSkill.swift */ = {isa = PBXFileReference; fileEncoding = 4; lastKnownFileType = sourcecode.swift; path = EditSkill.swift; sourceTree = "<group>"; };
		46E1E10E1F13EC1E00E6F79C /* EditCTC.swift */ = {isa = PBXFileReference; fileEncoding = 4; lastKnownFileType = sourcecode.swift; path = EditCTC.swift; sourceTree = "<group>"; };
		46E1E1101F13ED0400E6F79C /* EditPortofolio.swift */ = {isa = PBXFileReference; fileEncoding = 4; lastKnownFileType = sourcecode.swift; path = EditPortofolio.swift; sourceTree = "<group>"; };
		46E1E1121F13F04200E6F79C /* EditPublicInformation.swift */ = {isa = PBXFileReference; fileEncoding = 4; lastKnownFileType = sourcecode.swift; path = EditPublicInformation.swift; sourceTree = "<group>"; };
		46F702E51EC4574600C2DE86 /* Mobile UCC.app */ = {isa = PBXFileReference; explicitFileType = wrapper.application; includeInIndex = 0; path = "Mobile UCC.app"; sourceTree = BUILT_PRODUCTS_DIR; };
		46F702E81EC4574600C2DE86 /* AppDelegate.swift */ = {isa = PBXFileReference; lastKnownFileType = sourcecode.swift; path = AppDelegate.swift; sourceTree = "<group>"; };
		46F702EA1EC4574600C2DE86 /* ViewController.swift */ = {isa = PBXFileReference; lastKnownFileType = sourcecode.swift; path = ViewController.swift; sourceTree = "<group>"; };
		46F702ED1EC4574600C2DE86 /* Base */ = {isa = PBXFileReference; lastKnownFileType = file.storyboard; name = Base; path = Base.lproj/Main.storyboard; sourceTree = "<group>"; };
		46F702EF1EC4574600C2DE86 /* Assets.xcassets */ = {isa = PBXFileReference; lastKnownFileType = folder.assetcatalog; path = Assets.xcassets; sourceTree = "<group>"; };
		46F702F21EC4574600C2DE86 /* Base */ = {isa = PBXFileReference; lastKnownFileType = file.storyboard; name = Base; path = Base.lproj/LaunchScreen.storyboard; sourceTree = "<group>"; };
		46F702F41EC4574600C2DE86 /* Info.plist */ = {isa = PBXFileReference; lastKnownFileType = text.plist.xml; path = Info.plist; sourceTree = "<group>"; };
		46F702FA1EC46E7400C2DE86 /* BaseViewController.swift */ = {isa = PBXFileReference; fileEncoding = 4; lastKnownFileType = sourcecode.swift; path = BaseViewController.swift; sourceTree = "<group>"; };
		46F702FB1EC46E7400C2DE86 /* MenuViewController.swift */ = {isa = PBXFileReference; fileEncoding = 4; lastKnownFileType = sourcecode.swift; path = MenuViewController.swift; sourceTree = "<group>"; };
		46F702FE1EC4828900C2DE86 /* UpcomingEvent.swift */ = {isa = PBXFileReference; fileEncoding = 4; lastKnownFileType = sourcecode.swift; path = UpcomingEvent.swift; sourceTree = "<group>"; };
		46F703001EC48A3E00C2DE86 /* UCCNews.swift */ = {isa = PBXFileReference; fileEncoding = 4; lastKnownFileType = sourcecode.swift; path = UCCNews.swift; sourceTree = "<group>"; };
		F0907AA91C0DB7DA656DCFA2 /* Pods-Mobile UCC.debug.xcconfig */ = {isa = PBXFileReference; includeInIndex = 1; lastKnownFileType = text.xcconfig; name = "Pods-Mobile UCC.debug.xcconfig"; path = "Pods/Target Support Files/Pods-Mobile UCC/Pods-Mobile UCC.debug.xcconfig"; sourceTree = "<group>"; };
		FA00A1912004B64300F3970A /* Skill.swift */ = {isa = PBXFileReference; lastKnownFileType = sourcecode.swift; path = Skill.swift; sourceTree = "<group>"; };
		FA17224220600D6C00A6ECA9 /* Alert.swift */ = {isa = PBXFileReference; lastKnownFileType = sourcecode.swift; path = Alert.swift; sourceTree = "<group>"; };
		FA1722442060106D00A6ECA9 /* Auth.swift */ = {isa = PBXFileReference; lastKnownFileType = sourcecode.swift; path = Auth.swift; sourceTree = "<group>"; };
		FA1C4D04200C88DE00A88A04 /* CTC.swift */ = {isa = PBXFileReference; lastKnownFileType = sourcecode.swift; path = CTC.swift; sourceTree = "<group>"; };
		FA1C4D06200C8ADB00A88A04 /* CTCCell.swift */ = {isa = PBXFileReference; lastKnownFileType = sourcecode.swift; path = CTCCell.swift; sourceTree = "<group>"; };
		FA2282A82011952B007C0642 /* Mobile UCC-Bridging-Header.h */ = {isa = PBXFileReference; lastKnownFileType = sourcecode.c.h; path = "Mobile UCC-Bridging-Header.h"; sourceTree = "<group>"; };
		FA2282A92011952D007C0642 /* DLRadioButton.m */ = {isa = PBXFileReference; fileEncoding = 4; lastKnownFileType = sourcecode.c.objc; path = DLRadioButton.m; sourceTree = "<group>"; };
		FA2282AA2011952D007C0642 /* DLRadioButton.h */ = {isa = PBXFileReference; fileEncoding = 4; lastKnownFileType = sourcecode.c.h; path = DLRadioButton.h; sourceTree = "<group>"; };
		FA3366B12048EFA800697481 /* EditEducation.swift */ = {isa = PBXFileReference; lastKnownFileType = sourcecode.swift; path = EditEducation.swift; sourceTree = "<group>"; };
		FA5FBF8321459B58008AEFE4 /* Industri.swift */ = {isa = PBXFileReference; lastKnownFileType = sourcecode.swift; path = Industri.swift; sourceTree = "<group>"; };
		FA5FBF8521459C5E008AEFE4 /* KategoriPosisi.swift */ = {isa = PBXFileReference; lastKnownFileType = sourcecode.swift; path = KategoriPosisi.swift; sourceTree = "<group>"; };
		FA5FBF87214D427F008AEFE4 /* CompanyScale.swift */ = {isa = PBXFileReference; lastKnownFileType = sourcecode.swift; path = CompanyScale.swift; sourceTree = "<group>"; };
		FA5FBF89214D43A8008AEFE4 /* Level.swift */ = {isa = PBXFileReference; lastKnownFileType = sourcecode.swift; path = Level.swift; sourceTree = "<group>"; };
		FA5FBF8B214D4457008AEFE4 /* JobType.swift */ = {isa = PBXFileReference; lastKnownFileType = sourcecode.swift; path = JobType.swift; sourceTree = "<group>"; };
		FA68E23F2063CE96002880AE /* Pendidikan.swift */ = {isa = PBXFileReference; lastKnownFileType = sourcecode.swift; path = Pendidikan.swift; sourceTree = "<group>"; };
		FA68E2412063DB87002880AE /* Work.swift */ = {isa = PBXFileReference; lastKnownFileType = sourcecode.swift; path = Work.swift; sourceTree = "<group>"; };
		FA68E24320640400002880AE /* Language.swift */ = {isa = PBXFileReference; lastKnownFileType = sourcecode.swift; path = Language.swift; sourceTree = "<group>"; };
		FA68E24520650DD7002880AE /* Organisasi.swift */ = {isa = PBXFileReference; lastKnownFileType = sourcecode.swift; path = Organisasi.swift; sourceTree = "<group>"; };
		FA68E247206511C9002880AE /* Award.swift */ = {isa = PBXFileReference; lastKnownFileType = sourcecode.swift; path = Award.swift; sourceTree = "<group>"; };
		FA68E249206568F8002880AE /* Rekomendasi.swift */ = {isa = PBXFileReference; lastKnownFileType = sourcecode.swift; path = Rekomendasi.swift; sourceTree = "<group>"; };
		FA68E24B20656DD4002880AE /* Course.swift */ = {isa = PBXFileReference; lastKnownFileType = sourcecode.swift; path = Course.swift; sourceTree = "<group>"; };
		FA7DC192200389F3007DD6BC /* StrengthWeakness.swift */ = {isa = PBXFileReference; lastKnownFileType = sourcecode.swift; path = StrengthWeakness.swift; sourceTree = "<group>"; };
		FA83E6F4205FAF7900BF9439 /* DetailVacancy.swift */ = {isa = PBXFileReference; lastKnownFileType = sourcecode.swift; path = DetailVacancy.swift; sourceTree = "<group>"; };
		FA83E6F6205FBF4300BF9439 /* Provinsi.swift */ = {isa = PBXFileReference; lastKnownFileType = sourcecode.swift; path = Provinsi.swift; sourceTree = "<group>"; };
		FA83E6F8205FBF5100BF9439 /* Kota.swift */ = {isa = PBXFileReference; lastKnownFileType = sourcecode.swift; path = Kota.swift; sourceTree = "<group>"; };
		FAA07583208789C700F4F199 /* CDatePickerViewEx.h */ = {isa = PBXFileReference; lastKnownFileType = sourcecode.c.h; path = CDatePickerViewEx.h; sourceTree = "<group>"; };
		FAA07584208789FC00F4F199 /* CDatePickerViewEx.m */ = {isa = PBXFileReference; lastKnownFileType = sourcecode.c.objc; path = CDatePickerViewEx.m; sourceTree = "<group>"; };
		FAA0758620878E0000F4F199 /* DatePickerView.swift */ = {isa = PBXFileReference; fileEncoding = 4; lastKnownFileType = sourcecode.swift; path = DatePickerView.swift; sourceTree = "<group>"; };
		FAB4014E200E07A100B78D04 /* portofolioCell.swift */ = {isa = PBXFileReference; lastKnownFileType = sourcecode.swift; path = portofolioCell.swift; sourceTree = "<group>"; };
		FAB40150200E095D00B78D04 /* Portofolio.swift */ = {isa = PBXFileReference; lastKnownFileType = sourcecode.swift; path = Portofolio.swift; sourceTree = "<group>"; };
		FACAAA37205A7969008E35E5 /* NetworkService.swift */ = {isa = PBXFileReference; lastKnownFileType = sourcecode.swift; path = NetworkService.swift; sourceTree = "<group>"; };
		FAD30F4620036B5D00ED501B /* Recommendation.swift */ = {isa = PBXFileReference; lastKnownFileType = sourcecode.swift; path = Recommendation.swift; sourceTree = "<group>"; };
		FAD30F4820036BB700ED501B /* recommendCell.swift */ = {isa = PBXFileReference; lastKnownFileType = sourcecode.swift; path = recommendCell.swift; sourceTree = "<group>"; };
		FAD93C842065F845000110C9 /* History.swift */ = {isa = PBXFileReference; lastKnownFileType = sourcecode.swift; path = History.swift; sourceTree = "<group>"; };
		FAE17C4C216CB75400BDC6A0 /* Mobile UCC.entitlements */ = {isa = PBXFileReference; lastKnownFileType = text.plist.entitlements; path = "Mobile UCC.entitlements"; sourceTree = "<group>"; };
		FAE17C4D216E2FD500BDC6A0 /* GoogleService-Info.plist */ = {isa = PBXFileReference; fileEncoding = 4; lastKnownFileType = text.plist.xml; path = "GoogleService-Info.plist"; sourceTree = "<group>"; };
		FAE7597A2065724B00668580 /* Portofolios.swift */ = {isa = PBXFileReference; lastKnownFileType = sourcecode.swift; path = Portofolios.swift; sourceTree = "<group>"; };
		FAF7D56920027B8D00483C08 /* AwardsAchievements.swift */ = {isa = PBXFileReference; lastKnownFileType = sourcecode.swift; path = AwardsAchievements.swift; sourceTree = "<group>"; };
		FAF7D56B20027BE500483C08 /* awardCell.swift */ = {isa = PBXFileReference; lastKnownFileType = sourcecode.swift; path = awardCell.swift; sourceTree = "<group>"; };
		FAFD63842062A99D00C4344D /* Notification.swift */ = {isa = PBXFileReference; lastKnownFileType = sourcecode.swift; path = Notification.swift; sourceTree = "<group>"; };
		FAFE58742057F63A002509AE /* Negara.swift */ = {isa = PBXFileReference; lastKnownFileType = sourcecode.swift; path = Negara.swift; sourceTree = "<group>"; };
/* End PBXFileReference section */

/* Begin PBXFrameworksBuildPhase section */
		46F702E21EC4574600C2DE86 /* Frameworks */ = {
			isa = PBXFrameworksBuildPhase;
			buildActionMask = 2147483647;
			files = (
				A049D5225E71EC1B913DE4BF /* Pods_Mobile_UCC.framework in Frameworks */,
			);
			runOnlyForDeploymentPostprocessing = 0;
		};
/* End PBXFrameworksBuildPhase section */

/* Begin PBXGroup section */
		3FF74778001ACFF077713840 /* Frameworks */ = {
			isa = PBXGroup;
			children = (
				0282A399721F0520703BCD0D /* Pods_Mobile_UCC.framework */,
			);
			name = Frameworks;
			sourceTree = "<group>";
		};
		462CE93C1FDBEE5D00974399 /* GET */ = {
			isa = PBXGroup;
			children = (
				46D43F141ED971120065A3C2 /* MyCV.swift */,
				4634F8421F13C26F00CD4EA4 /* Education.swift */,
				460742A61FB34F40000A85E1 /* PublicInformation.swift */,
				466F33AD1FC4706F00D60FC1 /* ProfileSummary.swift */,
				46233F1E1FC6C9E100D4F2C8 /* EditPhoto.swift */,
				463F411C1FEA930600364E00 /* WorkExperience.swift */,
				46CEDDD01FEBFC6400CC2897 /* LanguageSkills.swift */,
				463187EA1FEFBEB60014F790 /* EnglishSkill.swift */,
				46329D671FF3E416004A03C6 /* OrganizationExperience.swift */,
				FAF7D56920027B8D00483C08 /* AwardsAchievements.swift */,
				FAD30F4620036B5D00ED501B /* Recommendation.swift */,
				FA7DC192200389F3007DD6BC /* StrengthWeakness.swift */,
				FA00A1912004B64300F3970A /* Skill.swift */,
				FA1C4D04200C88DE00A88A04 /* CTC.swift */,
				FAB40150200E095D00B78D04 /* Portofolio.swift */,
			);
			name = GET;
			sourceTree = "<group>";
		};
		462CE93D1FDBEE9D00974399 /* EDIT */ = {
			isa = PBXGroup;
			children = (
				FA3366B12048EFA800697481 /* EditEducation.swift */,
				4634F8401F13BEC300CD4EA4 /* EditProfileSummary.swift */,
				46E1E1121F13F04200E6F79C /* EditPublicInformation.swift */,
				46E1E0FE1F13D8A800E6F79C /* EditWorkExperience.swift */,
				46E1E1001F13E0DF00E6F79C /* EditLanguageSkills.swift */,
				46E1E1021F13E25900E6F79C /* EditEnglishSkill.swift */,
				46E1E1041F13E3C700E6F79C /* EditOrganizationExperience.swift */,
				46E1E1061F13E56B00E6F79C /* EditAwardsAndAchievements.swift */,
				46E1E1081F13E6B800E6F79C /* EditRecommendation.swift */,
				46E1E10A1F13E80400E6F79C /* EditStrengthWeakness.swift */,
				46E1E10C1F13E8DD00E6F79C /* EditSkill.swift */,
				46E1E10E1F13EC1E00E6F79C /* EditCTC.swift */,
				46E1E1101F13ED0400E6F79C /* EditPortofolio.swift */,
			);
			name = EDIT;
			sourceTree = "<group>";
		};
		465A7CCC1EE3F28A00043F41 /* Model */ = {
			isa = PBXGroup;
			children = (
				465A7CD11EE3F9C600043F41 /* DucBlog.json */,
				465A7CD61EE4068C00043F41 /* News.swift */,
				462559D71F35BE7C00C0C9B3 /* Events.swift */,
				467346191F35E35600C7C1A1 /* Merchant.swift */,
				4636E8DE1F385C1D003C53D7 /* Vacancy.swift */,
				FAFE58742057F63A002509AE /* Negara.swift */,
				FA83E6F4205FAF7900BF9439 /* DetailVacancy.swift */,
				FA83E6F6205FBF4300BF9439 /* Provinsi.swift */,
				FA83E6F8205FBF5100BF9439 /* Kota.swift */,
				FAFD63842062A99D00C4344D /* Notification.swift */,
				FA68E23F2063CE96002880AE /* Pendidikan.swift */,
				FA68E2412063DB87002880AE /* Work.swift */,
				FA68E24320640400002880AE /* Language.swift */,
				FA68E24520650DD7002880AE /* Organisasi.swift */,
				FA68E247206511C9002880AE /* Award.swift */,
				FA68E249206568F8002880AE /* Rekomendasi.swift */,
				FA68E24B20656DD4002880AE /* Course.swift */,
				FAE7597A2065724B00668580 /* Portofolios.swift */,
				FAD93C842065F845000110C9 /* History.swift */,
				FA5FBF8321459B58008AEFE4 /* Industri.swift */,
				FA5FBF8521459C5E008AEFE4 /* KategoriPosisi.swift */,
				FA5FBF87214D427F008AEFE4 /* CompanyScale.swift */,
				FA5FBF89214D43A8008AEFE4 /* Level.swift */,
				FA5FBF8B214D4457008AEFE4 /* JobType.swift */,
			);
			name = Model;
			sourceTree = "<group>";
		};
		465A7CCE1EE3F66D00043F41 /* View Controller */ = {
			isa = PBXGroup;
			children = (
				466F33AA1FC46F8E00D60FC1 /* Side Menu */,
				466F33A61FC46F2D00D60FC1 /* Vacancy */,
				466F33A71FC46F4100D60FC1 /* Event */,
				466F33A81FC46F4A00D60FC1 /* News */,
				466F33A91FC46F5500D60FC1 /* Merchant */,
				466F33AB1FC46FF400D60FC1 /* My CV */,
				466F33AC1FC4701400D60FC1 /* Notifikasi */,
				461BE73E1F7A6CA30000ADF8 /* ApplicationHistory.swift */,
				46D43F121ED96C8E0065A3C2 /* ContactUs.swift */,
				4600A26D1ECC8F6E0068C58D /* About.swift */,
				4600A26B1ECC89AE0068C58D /* Bookmark.swift */,
				4665F2691F24764D00BCFABC /* LoginScreen.swift */,
			);
			name = "View Controller";
			sourceTree = "<group>";
		};
		465A7CD31EE3FA0300043F41 /* Table Cell */ = {
			isa = PBXGroup;
			children = (
				465368FA1EDAC24600D233E2 /* vacancyCell.swift */,
				465A7CD41EE4036800043F41 /* newsCell.swift */,
				462559D91F35C5D800C0C9B3 /* eventCell.swift */,
				4673461B1F35E68700C7C1A1 /* merchantCell.swift */,
				4658AE641F52B4E000396157 /* vacancy2Cell.swift */,
				4673BD5C1F5D5F56000815AB /* notifCell.swift */,
				461BE7401F7A6D0B0000ADF8 /* historyCell.swift */,
				462CE93E1FDC173F00974399 /* educationCell.swift */,
				463F411E1FEA9C6B00364E00 /* workCell.swift */,
				46CEDDD21FEBFD6200CC2897 /* languageCell.swift */,
				46329D691FF3E4A1004A03C6 /* organizationCell.swift */,
				FAF7D56B20027BE500483C08 /* awardCell.swift */,
				FAD30F4820036BB700ED501B /* recommendCell.swift */,
				FA1C4D06200C8ADB00A88A04 /* CTCCell.swift */,
				FAB4014E200E07A100B78D04 /* portofolioCell.swift */,
			);
			name = "Table Cell";
			sourceTree = "<group>";
		};
		466F33A61FC46F2D00D60FC1 /* Vacancy */ = {
			isa = PBXGroup;
			children = (
				46367C1D1EFD1E700057121D /* CompanyInfo.swift */,
				46F702EA1EC4574600C2DE86 /* ViewController.swift */,
				461A48801EFBAD7200B54313 /* Vacancy2.swift */,
				46310C4F1F0116C800598BD7 /* Vacancy3.swift */,
				460FB7D41F58282200408AB7 /* ApplyVacancy.swift */,
			);
			name = Vacancy;
			sourceTree = "<group>";
		};
		466F33A71FC46F4100D60FC1 /* Event */ = {
			isa = PBXGroup;
			children = (
				46F702FE1EC4828900C2DE86 /* UpcomingEvent.swift */,
				46367C191EFD09EA0057121D /* DetailEvent.swift */,
			);
			name = Event;
			sourceTree = "<group>";
		};
		466F33A81FC46F4A00D60FC1 /* News */ = {
			isa = PBXGroup;
			children = (
				46F703001EC48A3E00C2DE86 /* UCCNews.swift */,
				46367C1B1EFD19810057121D /* UCCNews2.swift */,
			);
			name = News;
			sourceTree = "<group>";
		};
		466F33A91FC46F5500D60FC1 /* Merchant */ = {
			isa = PBXGroup;
			children = (
				4673461D1F35E8D000C7C1A1 /* MerchantView.swift */,
				46030D5C1F9F5B4900CA3346 /* MerchantView2.swift */,
				464B743E1FA331B3002E07DD /* MerchantView3.swift */,
			);
			name = Merchant;
			sourceTree = "<group>";
		};
		466F33AA1FC46F8E00D60FC1 /* Side Menu */ = {
			isa = PBXGroup;
			children = (
				46F702FA1EC46E7400C2DE86 /* BaseViewController.swift */,
				46F702FB1EC46E7400C2DE86 /* MenuViewController.swift */,
			);
			name = "Side Menu";
			sourceTree = "<group>";
		};
		466F33AB1FC46FF400D60FC1 /* My CV */ = {
			isa = PBXGroup;
			children = (
				462CE93C1FDBEE5D00974399 /* GET */,
				462CE93D1FDBEE9D00974399 /* EDIT */,
			);
			name = "My CV";
			sourceTree = "<group>";
		};
		466F33AC1FC4701400D60FC1 /* Notifikasi */ = {
			isa = PBXGroup;
			children = (
				4673BD621F5D65B9000815AB /* NotificationViewController.swift */,
				46609D4B1F5E70A300C7EC5E /* DetailNotif.swift */,
			);
			name = Notifikasi;
			sourceTree = "<group>";
		};
		46F702DC1EC4574600C2DE86 = {
			isa = PBXGroup;
			children = (
				46F702E71EC4574600C2DE86 /* Mobile UCC */,
				46F702E61EC4574600C2DE86 /* Products */,
				8ADFB7FA4716DD2B7F7BA394 /* Pods */,
				3FF74778001ACFF077713840 /* Frameworks */,
			);
			sourceTree = "<group>";
		};
		46F702E61EC4574600C2DE86 /* Products */ = {
			isa = PBXGroup;
			children = (
				46F702E51EC4574600C2DE86 /* Mobile UCC.app */,
			);
			name = Products;
			sourceTree = "<group>";
		};
		46F702E71EC4574600C2DE86 /* Mobile UCC */ = {
			isa = PBXGroup;
			children = (
				FAE17C4C216CB75400BDC6A0 /* Mobile UCC.entitlements */,
				FAFD63872063C32500C4344D /* UIKit */,
				FAFD63862063C31B00C4344D /* Network */,
				465A7CD31EE3FA0300043F41 /* Table Cell */,
				465A7CCE1EE3F66D00043F41 /* View Controller */,
				465A7CCC1EE3F28A00043F41 /* Model */,
				46F702E81EC4574600C2DE86 /* AppDelegate.swift */,
				46F702EC1EC4574600C2DE86 /* Main.storyboard */,
				46F702EF1EC4574600C2DE86 /* Assets.xcassets */,
				46F702F11EC4574600C2DE86 /* LaunchScreen.storyboard */,
				46F702F41EC4574600C2DE86 /* Info.plist */,
				FAE17C4D216E2FD500BDC6A0 /* GoogleService-Info.plist */,
				FA2282AA2011952D007C0642 /* DLRadioButton.h */,
				FA2282A92011952D007C0642 /* DLRadioButton.m */,
				FA2282A82011952B007C0642 /* Mobile UCC-Bridging-Header.h */,
				FAA0758620878E0000F4F199 /* DatePickerView.swift */,
				FAA07583208789C700F4F199 /* CDatePickerViewEx.h */,
				FAA07584208789FC00F4F199 /* CDatePickerViewEx.m */,
			);
			path = "Mobile UCC";
			sourceTree = "<group>";
		};
		8ADFB7FA4716DD2B7F7BA394 /* Pods */ = {
			isa = PBXGroup;
			children = (
				F0907AA91C0DB7DA656DCFA2 /* Pods-Mobile UCC.debug.xcconfig */,
				0A0D0C1FE520FF4F9B877720 /* Pods-Mobile UCC.release.xcconfig */,
			);
			name = Pods;
			sourceTree = "<group>";
		};
		FAFD63862063C31B00C4344D /* Network */ = {
			isa = PBXGroup;
			children = (
				FA1722442060106D00A6ECA9 /* Auth.swift */,
				FACAAA37205A7969008E35E5 /* NetworkService.swift */,
				463216C81F6A5E4300E8C781 /* NetworkTest.swift */,
			);
			name = Network;
			sourceTree = "<group>";
		};
		FAFD63872063C32500C4344D /* UIKit */ = {
			isa = PBXGroup;
			children = (
				FA17224220600D6C00A6ECA9 /* Alert.swift */,
			);
			name = UIKit;
			sourceTree = "<group>";
		};
/* End PBXGroup section */

/* Begin PBXNativeTarget section */
		46F702E41EC4574600C2DE86 /* Mobile UCC */ = {
			isa = PBXNativeTarget;
			buildConfigurationList = 46F702F71EC4574600C2DE86 /* Build configuration list for PBXNativeTarget "Mobile UCC" */;
			buildPhases = (
				DF6629E2ECC53EFFF98EDC1F /* [CP] Check Pods Manifest.lock */,
				46F702E11EC4574600C2DE86 /* Sources */,
				46F702E21EC4574600C2DE86 /* Frameworks */,
				46F702E31EC4574600C2DE86 /* Resources */,
				4A639FB7FBDBA77D5758EFFE /* [CP] Embed Pods Frameworks */,
				D23310AE4A6FCDD8140E7206 /* [CP] Copy Pods Resources */,
			);
			buildRules = (
			);
			dependencies = (
			);
			name = "Mobile UCC";
			productName = "Mobile UCC";
			productReference = 46F702E51EC4574600C2DE86 /* Mobile UCC.app */;
			productType = "com.apple.product-type.application";
		};
/* End PBXNativeTarget section */

/* Begin PBXProject section */
		46F702DD1EC4574600C2DE86 /* Project object */ = {
			isa = PBXProject;
			attributes = {
				LastSwiftUpdateCheck = 0830;
				LastUpgradeCheck = 0830;
				ORGANIZATIONNAME = "LabSE Siskom";
				TargetAttributes = {
					46F702E41EC4574600C2DE86 = {
						CreatedOnToolsVersion = 8.3.2;
						DevelopmentTeam = AP245C845P;
						LastSwiftMigration = 0920;
						ProvisioningStyle = Manual;
						SystemCapabilities = {
							com.apple.Push = {
								enabled = 1;
							};
						};
					};
				};
			};
			buildConfigurationList = 46F702E01EC4574600C2DE86 /* Build configuration list for PBXProject "Mobile UCC" */;
			compatibilityVersion = "Xcode 3.2";
			developmentRegion = English;
			hasScannedForEncodings = 0;
			knownRegions = (
				en,
				Base,
			);
			mainGroup = 46F702DC1EC4574600C2DE86;
			productRefGroup = 46F702E61EC4574600C2DE86 /* Products */;
			projectDirPath = "";
			projectRoot = "";
			targets = (
				46F702E41EC4574600C2DE86 /* Mobile UCC */,
			);
		};
/* End PBXProject section */

/* Begin PBXResourcesBuildPhase section */
		46F702E31EC4574600C2DE86 /* Resources */ = {
			isa = PBXResourcesBuildPhase;
			buildActionMask = 2147483647;
			files = (
				465A7CD21EE3F9C600043F41 /* DucBlog.json in Resources */,
				46F702F31EC4574600C2DE86 /* LaunchScreen.storyboard in Resources */,
				FAE17C4E216E2FD500BDC6A0 /* GoogleService-Info.plist in Resources */,
				46F702F01EC4574600C2DE86 /* Assets.xcassets in Resources */,
				46F702EE1EC4574600C2DE86 /* Main.storyboard in Resources */,
			);
			runOnlyForDeploymentPostprocessing = 0;
		};
/* End PBXResourcesBuildPhase section */

/* Begin PBXShellScriptBuildPhase section */
		4A639FB7FBDBA77D5758EFFE /* [CP] Embed Pods Frameworks */ = {
			isa = PBXShellScriptBuildPhase;
			buildActionMask = 8;
			files = (
			);
			inputPaths = (
				"${SRCROOT}/Pods/Target Support Files/Pods-Mobile UCC/Pods-Mobile UCC-frameworks.sh",
				"${BUILT_PRODUCTS_DIR}/GoogleToolboxForMac/GoogleToolboxForMac.framework",
				"${BUILT_PRODUCTS_DIR}/GoogleUtilities/GoogleUtilities.framework",
				"${BUILT_PRODUCTS_DIR}/KeychainSwift/KeychainSwift.framework",
				"${BUILT_PRODUCTS_DIR}/PKHUD/PKHUD.framework",
				"${BUILT_PRODUCTS_DIR}/Protobuf/Protobuf.framework",
				"${BUILT_PRODUCTS_DIR}/SidebarOverlay/SidebarOverlay.framework",
				"${BUILT_PRODUCTS_DIR}/SwiftyJSON/SwiftyJSON.framework",
				"${BUILT_PRODUCTS_DIR}/nanopb/nanopb.framework",
			);
			name = "[CP] Embed Pods Frameworks";
			outputPaths = (
				"${TARGET_BUILD_DIR}/${FRAMEWORKS_FOLDER_PATH}/GoogleToolboxForMac.framework",
				"${TARGET_BUILD_DIR}/${FRAMEWORKS_FOLDER_PATH}/GoogleUtilities.framework",
				"${TARGET_BUILD_DIR}/${FRAMEWORKS_FOLDER_PATH}/KeychainSwift.framework",
				"${TARGET_BUILD_DIR}/${FRAMEWORKS_FOLDER_PATH}/PKHUD.framework",
				"${TARGET_BUILD_DIR}/${FRAMEWORKS_FOLDER_PATH}/Protobuf.framework",
				"${TARGET_BUILD_DIR}/${FRAMEWORKS_FOLDER_PATH}/SidebarOverlay.framework",
				"${TARGET_BUILD_DIR}/${FRAMEWORKS_FOLDER_PATH}/SwiftyJSON.framework",
				"${TARGET_BUILD_DIR}/${FRAMEWORKS_FOLDER_PATH}/nanopb.framework",
			);
			runOnlyForDeploymentPostprocessing = 1;
			shellPath = /bin/sh;
			shellScript = "\"${SRCROOT}/Pods/Target Support Files/Pods-Mobile UCC/Pods-Mobile UCC-frameworks.sh\"\n";
			showEnvVarsInLog = 0;
		};
		D23310AE4A6FCDD8140E7206 /* [CP] Copy Pods Resources */ = {
			isa = PBXShellScriptBuildPhase;
			buildActionMask = 8;
			files = (
			);
			inputPaths = (
			);
			name = "[CP] Copy Pods Resources";
			outputPaths = (
			);
			runOnlyForDeploymentPostprocessing = 1;
			shellPath = /bin/sh;
			shellScript = "\"${SRCROOT}/Pods/Target Support Files/Pods-Mobile UCC/Pods-Mobile UCC-resources.sh\"\n";
			showEnvVarsInLog = 0;
		};
		DF6629E2ECC53EFFF98EDC1F /* [CP] Check Pods Manifest.lock */ = {
			isa = PBXShellScriptBuildPhase;
			buildActionMask = 8;
			files = (
			);
			inputPaths = (
				"${PODS_PODFILE_DIR_PATH}/Podfile.lock",
				"${PODS_ROOT}/Manifest.lock",
			);
			name = "[CP] Check Pods Manifest.lock";
			outputPaths = (
				"$(DERIVED_FILE_DIR)/Pods-Mobile UCC-checkManifestLockResult.txt",
			);
			runOnlyForDeploymentPostprocessing = 1;
			shellPath = /bin/sh;
			shellScript = "diff \"${PODS_PODFILE_DIR_PATH}/Podfile.lock\" \"${PODS_ROOT}/Manifest.lock\" > /dev/null\nif [ $? != 0 ] ; then\n    # print error to STDERR\n    echo \"error: The sandbox is not in sync with the Podfile.lock. Run 'pod install' or update your CocoaPods installation.\" >&2\n    exit 1\nfi\n# This output is used by Xcode 'outputs' to avoid re-running this script phase.\necho \"SUCCESS\" > \"${SCRIPT_OUTPUT_FILE_0}\"\n";
			showEnvVarsInLog = 0;
		};
/* End PBXShellScriptBuildPhase section */

/* Begin PBXSourcesBuildPhase section */
		46F702E11EC4574600C2DE86 /* Sources */ = {
			isa = PBXSourcesBuildPhase;
			buildActionMask = 2147483647;
			files = (
				FA68E24620650DD7002880AE /* Organisasi.swift in Sources */,
				FA68E248206511C9002880AE /* Award.swift in Sources */,
				46E1E1091F13E6B800E6F79C /* EditRecommendation.swift in Sources */,
				FAFE58752057F63A002509AE /* Negara.swift in Sources */,
				461BE73F1F7A6CA30000ADF8 /* ApplicationHistory.swift in Sources */,
				46D43F131ED96C8E0065A3C2 /* ContactUs.swift in Sources */,
				46F702EB1EC4574600C2DE86 /* ViewController.swift in Sources */,
				46E1E10D1F13E8DD00E6F79C /* EditSkill.swift in Sources */,
				462559DA1F35C5D800C0C9B3 /* eventCell.swift in Sources */,
				FA83E6F7205FBF4300BF9439 /* Provinsi.swift in Sources */,
				FA1722452060106D00A6ECA9 /* Auth.swift in Sources */,
				4673BD631F5D65B9000815AB /* NotificationViewController.swift in Sources */,
				46CEDDD31FEBFD6200CC2897 /* languageCell.swift in Sources */,
				FA68E2422063DB87002880AE /* Work.swift in Sources */,
				FA3366B22048EFA800697481 /* EditEducation.swift in Sources */,
				FA5FBF8421459B58008AEFE4 /* Industri.swift in Sources */,
				462559D81F35BE7C00C0C9B3 /* Events.swift in Sources */,
				FA00A1922004B64300F3970A /* Skill.swift in Sources */,
				FA7DC193200389F3007DD6BC /* StrengthWeakness.swift in Sources */,
				FAA07585208789FC00F4F199 /* CDatePickerViewEx.m in Sources */,
				46E1E1071F13E56B00E6F79C /* EditAwardsAndAchievements.swift in Sources */,
				46F702E91EC4574600C2DE86 /* AppDelegate.swift in Sources */,
				46E1E1051F13E3C700E6F79C /* EditOrganizationExperience.swift in Sources */,
				FAE7597B2065724B00668580 /* Portofolios.swift in Sources */,
				463187EB1FEFBEB60014F790 /* EnglishSkill.swift in Sources */,
				46367C1E1EFD1E700057121D /* CompanyInfo.swift in Sources */,
				46609D4C1F5E70A300C7EC5E /* DetailNotif.swift in Sources */,
				FA83E6F5205FAF7900BF9439 /* DetailVacancy.swift in Sources */,
				FA83E6F9205FBF5100BF9439 /* Kota.swift in Sources */,
				FAFD63852062A99D00C4344D /* Notification.swift in Sources */,
				FA68E24420640400002880AE /* Language.swift in Sources */,
				46030D5D1F9F5B4900CA3346 /* MerchantView2.swift in Sources */,
				4673BD5D1F5D5F56000815AB /* notifCell.swift in Sources */,
				46F702FF1EC4828900C2DE86 /* UpcomingEvent.swift in Sources */,
				4636E8DF1F385C1D003C53D7 /* Vacancy.swift in Sources */,
				FAF7D56A20027B8D00483C08 /* AwardsAchievements.swift in Sources */,
				462CE93F1FDC173F00974399 /* educationCell.swift in Sources */,
				FA5FBF8C214D4457008AEFE4 /* JobType.swift in Sources */,
				FA68E24C20656DD4002880AE /* Course.swift in Sources */,
				46E1E1131F13F04200E6F79C /* EditPublicInformation.swift in Sources */,
				46233F1F1FC6C9E100D4F2C8 /* EditPhoto.swift in Sources */,
				464B743F1FA331B3002E07DD /* MerchantView3.swift in Sources */,
				46D43F151ED971120065A3C2 /* MyCV.swift in Sources */,
				FA68E2402063CE96002880AE /* Pendidikan.swift in Sources */,
				FA68E24A206568F8002880AE /* Rekomendasi.swift in Sources */,
				465A7CD51EE4036800043F41 /* newsCell.swift in Sources */,
				46310C501F0116C800598BD7 /* Vacancy3.swift in Sources */,
				465368FB1EDAC24600D233E2 /* vacancyCell.swift in Sources */,
				4634F8411F13BEC300CD4EA4 /* EditProfileSummary.swift in Sources */,
				46F703011EC48A3E00C2DE86 /* UCCNews.swift in Sources */,
				4634F8431F13C26F00CD4EA4 /* Education.swift in Sources */,
				FACAAA38205A7969008E35E5 /* NetworkService.swift in Sources */,
				463F411F1FEA9C6B00364E00 /* workCell.swift in Sources */,
				4658AE651F52B4E000396157 /* vacancy2Cell.swift in Sources */,
				46E1E10B1F13E80400E6F79C /* EditStrengthWeakness.swift in Sources */,
				4673461C1F35E68700C7C1A1 /* merchantCell.swift in Sources */,
				46329D6A1FF3E4A1004A03C6 /* organizationCell.swift in Sources */,
				FA1C4D07200C8ADB00A88A04 /* CTCCell.swift in Sources */,
				466F33AE1FC4706F00D60FC1 /* ProfileSummary.swift in Sources */,
				46329D681FF3E416004A03C6 /* OrganizationExperience.swift in Sources */,
				FAB4014F200E07A100B78D04 /* portofolioCell.swift in Sources */,
				FAD93C852065F845000110C9 /* History.swift in Sources */,
				4600A26C1ECC89AE0068C58D /* Bookmark.swift in Sources */,
				FAD30F4920036BB700ED501B /* recommendCell.swift in Sources */,
				FA5FBF88214D427F008AEFE4 /* CompanyScale.swift in Sources */,
				46367C1A1EFD09EA0057121D /* DetailEvent.swift in Sources */,
				46E1E1031F13E25900E6F79C /* EditEnglishSkill.swift in Sources */,
				46E1E0FF1F13D8A800E6F79C /* EditWorkExperience.swift in Sources */,
				463216C91F6A5E4300E8C781 /* NetworkTest.swift in Sources */,
				FAA0758720878E0100F4F199 /* DatePickerView.swift in Sources */,
				FA2282AB2011952D007C0642 /* DLRadioButton.m in Sources */,
				FA1C4D05200C88DE00A88A04 /* CTC.swift in Sources */,
				46F702FC1EC46E7400C2DE86 /* BaseViewController.swift in Sources */,
				46367C1C1EFD19810057121D /* UCCNews2.swift in Sources */,
				FA17224320600D6C00A6ECA9 /* Alert.swift in Sources */,
				FAB40151200E095D00B78D04 /* Portofolio.swift in Sources */,
				461A48811EFBAD7200B54313 /* Vacancy2.swift in Sources */,
				FAF7D56C20027BE500483C08 /* awardCell.swift in Sources */,
				4665F26A1F24764D00BCFABC /* LoginScreen.swift in Sources */,
				460FB7D51F58282200408AB7 /* ApplyVacancy.swift in Sources */,
				FA5FBF8621459C5E008AEFE4 /* KategoriPosisi.swift in Sources */,
				4600A26E1ECC8F6E0068C58D /* About.swift in Sources */,
				46CEDDD11FEBFC6400CC2897 /* LanguageSkills.swift in Sources */,
				46E1E10F1F13EC1E00E6F79C /* EditCTC.swift in Sources */,
				4673461E1F35E8D000C7C1A1 /* MerchantView.swift in Sources */,
				FAD30F4720036B5D00ED501B /* Recommendation.swift in Sources */,
				463F411D1FEA930600364E00 /* WorkExperience.swift in Sources */,
				46E1E1111F13ED0400E6F79C /* EditPortofolio.swift in Sources */,
				4673461A1F35E35600C7C1A1 /* Merchant.swift in Sources */,
				460742A71FB34F40000A85E1 /* PublicInformation.swift in Sources */,
				465A7CD71EE4068C00043F41 /* News.swift in Sources */,
				461BE7411F7A6D0B0000ADF8 /* historyCell.swift in Sources */,
				46F702FD1EC46E7400C2DE86 /* MenuViewController.swift in Sources */,
				FA5FBF8A214D43A8008AEFE4 /* Level.swift in Sources */,
				46E1E1011F13E0DF00E6F79C /* EditLanguageSkills.swift in Sources */,
			);
			runOnlyForDeploymentPostprocessing = 0;
		};
/* End PBXSourcesBuildPhase section */

/* Begin PBXVariantGroup section */
		46F702EC1EC4574600C2DE86 /* Main.storyboard */ = {
			isa = PBXVariantGroup;
			children = (
				46F702ED1EC4574600C2DE86 /* Base */,
			);
			name = Main.storyboard;
			sourceTree = "<group>";
		};
		46F702F11EC4574600C2DE86 /* LaunchScreen.storyboard */ = {
			isa = PBXVariantGroup;
			children = (
				46F702F21EC4574600C2DE86 /* Base */,
			);
			name = LaunchScreen.storyboard;
			sourceTree = "<group>";
		};
/* End PBXVariantGroup section */

/* Begin XCBuildConfiguration section */
		46F702F51EC4574600C2DE86 /* Debug */ = {
			isa = XCBuildConfiguration;
			buildSettings = {
				ALWAYS_SEARCH_USER_PATHS = NO;
				CLANG_ANALYZER_NONNULL = YES;
				CLANG_ANALYZER_NUMBER_OBJECT_CONVERSION = YES_AGGRESSIVE;
				CLANG_CXX_LANGUAGE_STANDARD = "gnu++0x";
				CLANG_CXX_LIBRARY = "libc++";
				CLANG_ENABLE_MODULES = YES;
				CLANG_ENABLE_OBJC_ARC = YES;
				CLANG_WARN_BOOL_CONVERSION = YES;
				CLANG_WARN_CONSTANT_CONVERSION = YES;
				CLANG_WARN_DIRECT_OBJC_ISA_USAGE = YES_ERROR;
				CLANG_WARN_DOCUMENTATION_COMMENTS = YES;
				CLANG_WARN_EMPTY_BODY = YES;
				CLANG_WARN_ENUM_CONVERSION = YES;
				CLANG_WARN_INFINITE_RECURSION = YES;
				CLANG_WARN_INT_CONVERSION = YES;
				CLANG_WARN_OBJC_ROOT_CLASS = YES_ERROR;
				CLANG_WARN_SUSPICIOUS_MOVE = YES;
				CLANG_WARN_UNREACHABLE_CODE = YES;
				CLANG_WARN__DUPLICATE_METHOD_MATCH = YES;
				"CODE_SIGN_IDENTITY[sdk=iphoneos*]" = "iPhone Developer";
				COPY_PHASE_STRIP = NO;
				DEBUG_INFORMATION_FORMAT = dwarf;
				ENABLE_STRICT_OBJC_MSGSEND = YES;
				ENABLE_TESTABILITY = YES;
				GCC_C_LANGUAGE_STANDARD = gnu99;
				GCC_DYNAMIC_NO_PIC = NO;
				GCC_NO_COMMON_BLOCKS = YES;
				GCC_OPTIMIZATION_LEVEL = 0;
				GCC_PREPROCESSOR_DEFINITIONS = (
					"DEBUG=1",
					"$(inherited)",
				);
				GCC_WARN_64_TO_32_BIT_CONVERSION = YES;
				GCC_WARN_ABOUT_RETURN_TYPE = YES_ERROR;
				GCC_WARN_UNDECLARED_SELECTOR = YES;
				GCC_WARN_UNINITIALIZED_AUTOS = YES_AGGRESSIVE;
				GCC_WARN_UNUSED_FUNCTION = YES;
				GCC_WARN_UNUSED_VARIABLE = YES;
				IPHONEOS_DEPLOYMENT_TARGET = 10.3;
				MTL_ENABLE_DEBUG_INFO = YES;
				ONLY_ACTIVE_ARCH = YES;
				SDKROOT = iphoneos;
				SWIFT_ACTIVE_COMPILATION_CONDITIONS = DEBUG;
				SWIFT_OBJC_BRIDGING_HEADER = "Mobile UCC/Mobile UCC-Bridging-Header.h";
				"SWIFT_OBJC_BRIDGING_HEADER[arch=*]" = "Mobile UCC/Mobile UCC-Bridging-Header.h";
				SWIFT_OBJC_INTERFACE_HEADER_NAME = "Mobile UCC-Swift.h";
				SWIFT_OPTIMIZATION_LEVEL = "-Onone";
				TARGETED_DEVICE_FAMILY = "1,2";
			};
			name = Debug;
		};
		46F702F61EC4574600C2DE86 /* Release */ = {
			isa = XCBuildConfiguration;
			buildSettings = {
				ALWAYS_SEARCH_USER_PATHS = NO;
				CLANG_ANALYZER_NONNULL = YES;
				CLANG_ANALYZER_NUMBER_OBJECT_CONVERSION = YES_AGGRESSIVE;
				CLANG_CXX_LANGUAGE_STANDARD = "gnu++0x";
				CLANG_CXX_LIBRARY = "libc++";
				CLANG_ENABLE_MODULES = YES;
				CLANG_ENABLE_OBJC_ARC = YES;
				CLANG_WARN_BOOL_CONVERSION = YES;
				CLANG_WARN_CONSTANT_CONVERSION = YES;
				CLANG_WARN_DIRECT_OBJC_ISA_USAGE = YES_ERROR;
				CLANG_WARN_DOCUMENTATION_COMMENTS = YES;
				CLANG_WARN_EMPTY_BODY = YES;
				CLANG_WARN_ENUM_CONVERSION = YES;
				CLANG_WARN_INFINITE_RECURSION = YES;
				CLANG_WARN_INT_CONVERSION = YES;
				CLANG_WARN_OBJC_ROOT_CLASS = YES_ERROR;
				CLANG_WARN_SUSPICIOUS_MOVE = YES;
				CLANG_WARN_UNREACHABLE_CODE = YES;
				CLANG_WARN__DUPLICATE_METHOD_MATCH = YES;
				"CODE_SIGN_IDENTITY[sdk=iphoneos*]" = "iPhone Developer";
				COPY_PHASE_STRIP = NO;
				DEBUG_INFORMATION_FORMAT = "dwarf-with-dsym";
				ENABLE_NS_ASSERTIONS = NO;
				ENABLE_STRICT_OBJC_MSGSEND = YES;
				GCC_C_LANGUAGE_STANDARD = gnu99;
				GCC_NO_COMMON_BLOCKS = YES;
				GCC_WARN_64_TO_32_BIT_CONVERSION = YES;
				GCC_WARN_ABOUT_RETURN_TYPE = YES_ERROR;
				GCC_WARN_UNDECLARED_SELECTOR = YES;
				GCC_WARN_UNINITIALIZED_AUTOS = YES_AGGRESSIVE;
				GCC_WARN_UNUSED_FUNCTION = YES;
				GCC_WARN_UNUSED_VARIABLE = YES;
				IPHONEOS_DEPLOYMENT_TARGET = 10.3;
				MTL_ENABLE_DEBUG_INFO = NO;
				SDKROOT = iphoneos;
				SWIFT_OBJC_BRIDGING_HEADER = "Mobile UCC/Mobile UCC-Bridging-Header.h";
				"SWIFT_OBJC_BRIDGING_HEADER[arch=*]" = "Mobile UCC/Mobile UCC-Bridging-Header.h";
				SWIFT_OBJC_INTERFACE_HEADER_NAME = "Mobile UCC-Swift.h";
				SWIFT_OPTIMIZATION_LEVEL = "-Owholemodule";
				TARGETED_DEVICE_FAMILY = "1,2";
				VALIDATE_PRODUCT = YES;
			};
			name = Release;
		};
		46F702F81EC4574600C2DE86 /* Debug */ = {
			isa = XCBuildConfiguration;
			baseConfigurationReference = F0907AA91C0DB7DA656DCFA2 /* Pods-Mobile UCC.debug.xcconfig */;
			buildSettings = {
				ASSETCATALOG_COMPILER_APPICON_NAME = AppIcon;
				CLANG_ENABLE_MODULES = YES;
				CODE_SIGN_ENTITLEMENTS = "Mobile UCC/Mobile UCC.entitlements";
				CODE_SIGN_IDENTITY = "";
				"CODE_SIGN_IDENTITY[sdk=iphoneos*]" = "iPhone Distribution";
				CODE_SIGN_STYLE = Manual;
				DEVELOPMENT_TEAM = AP245C845P;
				INFOPLIST_FILE = "$(SRCROOT)/Mobile UCC/Info.plist";
				IPHONEOS_DEPLOYMENT_TARGET = 10.0;
				LD_RUNPATH_SEARCH_PATHS = "$(inherited) @executable_path/Frameworks";
				PRODUCT_BUNDLE_IDENTIFIER = "siskom.Mobile-UCC2";
				PRODUCT_NAME = "$(TARGET_NAME)";
				PROVISIONING_PROFILE = "55f59819-de6a-481e-8187-1675e14fafa2";
				PROVISIONING_PROFILE_SPECIFIER = "Undip Career Center";
				SWIFT_OBJC_BRIDGING_HEADER = "Mobile UCC/Mobile UCC-Bridging-Header.h";
				SWIFT_OPTIMIZATION_LEVEL = "-Onone";
				SWIFT_VERSION = 3.0;
				TARGETED_DEVICE_FAMILY = "1,2";
			};
			name = Debug;
		};
		46F702F91EC4574600C2DE86 /* Release */ = {
			isa = XCBuildConfiguration;
			baseConfigurationReference = 0A0D0C1FE520FF4F9B877720 /* Pods-Mobile UCC.release.xcconfig */;
			buildSettings = {
				ASSETCATALOG_COMPILER_APPICON_NAME = AppIcon;
				CLANG_ENABLE_MODULES = YES;
				CODE_SIGN_ENTITLEMENTS = "Mobile UCC/Mobile UCC.entitlements";
				CODE_SIGN_IDENTITY = "";
				"CODE_SIGN_IDENTITY[sdk=iphoneos*]" = "iPhone Distribution";
				CODE_SIGN_STYLE = Manual;
				DEVELOPMENT_TEAM = AP245C845P;
				INFOPLIST_FILE = "$(SRCROOT)/Mobile UCC/Info.plist";
				IPHONEOS_DEPLOYMENT_TARGET = 10.0;
				LD_RUNPATH_SEARCH_PATHS = "$(inherited) @executable_path/Frameworks";
				PRODUCT_BUNDLE_IDENTIFIER = "siskom.Mobile-UCC2";
				PRODUCT_NAME = "$(TARGET_NAME)";
				PROVISIONING_PROFILE = "7525594d-b82f-4687-8ee6-e0fdccf36901";
				PROVISIONING_PROFILE_SPECIFIER = "Undip Career Center";
				SWIFT_OBJC_BRIDGING_HEADER = "Mobile UCC/Mobile UCC-Bridging-Header.h";
				SWIFT_VERSION = 3.0;
				TARGETED_DEVICE_FAMILY = "1,2";
			};
			name = Release;
		};
/* End XCBuildConfiguration section */

/* Begin XCConfigurationList section */
		46F702E01EC4574600C2DE86 /* Build configuration list for PBXProject "Mobile UCC" */ = {
			isa = XCConfigurationList;
			buildConfigurations = (
				46F702F51EC4574600C2DE86 /* Debug */,
				46F702F61EC4574600C2DE86 /* Release */,
			);
			defaultConfigurationIsVisible = 0;
			defaultConfigurationName = Release;
		};
		46F702F71EC4574600C2DE86 /* Build configuration list for PBXNativeTarget "Mobile UCC" */ = {
			isa = XCConfigurationList;
			buildConfigurations = (
				46F702F81EC4574600C2DE86 /* Debug */,
				46F702F91EC4574600C2DE86 /* Release */,
			);
			defaultConfigurationIsVisible = 0;
			defaultConfigurationName = Release;
		};
/* End XCConfigurationList section */
	};
	rootObject = 46F702DD1EC4574600C2DE86 /* Project object */;
}
